
Microsoft Visual Studio Solution File, Format Version 12.00
# Visual Studio Version 17
VisualStudioVersion = 17.9.34622.214
MinimumVisualStudioVersion = 10.0.40219.1
Project("{FAE04EC0-301F-11D3-BF4B-00C04F79EFBC}") = "PercobaanApi1", "PercobaanApi1.csproj", "{5E282E4A-7E45-4B47-9EBF-0318E9437CCE}"
EndProject
Global
	GlobalSection(SolutionConfigurationPlatforms) = preSolution
		Debug|Any CPU = Debug|Any CPU
		Release|Any CPU = Release|Any CPU
	EndGlobalSection
	GlobalSection(ProjectConfigurationPlatforms) = postSolution
		{5E282E4A-7E45-4B47-9EBF-0318E9437CCE}.Debug|Any CPU.ActiveCfg = Debug|Any CPU
		{5E282E4A-7E45-4B47-9EBF-0318E9437CCE}.Debug|Any CPU.Build.0 = Debug|Any CPU
		{5E282E4A-7E45-4B47-9EBF-0318E9437CCE}.Release|Any CPU.ActiveCfg = Release|Any CPU
		{5E282E4A-7E45-4B47-9EBF-0318E9437CCE}.Release|Any CPU.Build.0 = Release|Any CPU
	EndGlobalSection
	GlobalSection(SolutionProperties) = preSolution
		HideSolutionNode = FALSE
	EndGlobalSection
	GlobalSection(ExtensibilityGlobals) = postSolution
		SolutionGuid = {5039EAC1-25C7-40E2-BB96-67266569DF66}
	EndGlobalSection
EndGlobal
